
Microsoft Visual Studio Solution File, Format Version 12.00
# Visual Studio Version 17
VisualStudioVersion = 17.0.31903.59
MinimumVisualStudioVersion = 10.0.40219.1
Project("{FAE04EC0-301F-11D3-BF4B-00C04F79EFBC}") = "MiniChain.Core", "MiniChain.Core\MiniChain.Core.csproj", "{E04BC9F0-B53E-440B-8798-065458216CE8}"
EndProject
Project("{FAE04EC0-301F-11D3-BF4B-00C04F79EFBC}") = "MiniChain.Tests", "MiniChain.Tests\MiniChain.Tests.csproj", "{AE6743F7-DC23-493D-A4CA-DF9F9509EB9F}"
EndProject
Global
	GlobalSection(SolutionConfigurationPlatforms) = preSolution
		Debug|Any CPU = Debug|Any CPU
		Debug|x64 = Debug|x64
		Debug|x86 = Debug|x86
		Release|Any CPU = Release|Any CPU
		Release|x64 = Release|x64
		Release|x86 = Release|x86
	EndGlobalSection
	GlobalSection(ProjectConfigurationPlatforms) = postSolution
		{E04BC9F0-B53E-440B-8798-065458216CE8}.Debug|Any CPU.ActiveCfg = Debug|Any CPU
		{E04BC9F0-B53E-440B-8798-065458216CE8}.Debug|Any CPU.Build.0 = Debug|Any CPU
		{E04BC9F0-B53E-440B-8798-065458216CE8}.Debug|x64.ActiveCfg = Debug|Any CPU
		{E04BC9F0-B53E-440B-8798-065458216CE8}.Debug|x64.Build.0 = Debug|Any CPU
		{E04BC9F0-B53E-440B-8798-065458216CE8}.Debug|x86.ActiveCfg = Debug|Any CPU
		{E04BC9F0-B53E-440B-8798-065458216CE8}.Debug|x86.Build.0 = Debug|Any CPU
		{E04BC9F0-B53E-440B-8798-065458216CE8}.Release|Any CPU.ActiveCfg = Release|Any CPU
		{E04BC9F0-B53E-440B-8798-065458216CE8}.Release|Any CPU.Build.0 = Release|Any CPU
		{E04BC9F0-B53E-440B-8798-065458216CE8}.Release|x64.ActiveCfg = Release|Any CPU
		{E04BC9F0-B53E-440B-8798-065458216CE8}.Release|x64.Build.0 = Release|Any CPU
		{E04BC9F0-B53E-440B-8798-065458216CE8}.Release|x86.ActiveCfg = Release|Any CPU
		{E04BC9F0-B53E-440B-8798-065458216CE8}.Release|x86.Build.0 = Release|Any CPU
		{AE6743F7-DC23-493D-A4CA-DF9F9509EB9F}.Debug|Any CPU.ActiveCfg = Debug|Any CPU
		{AE6743F7-DC23-493D-A4CA-DF9F9509EB9F}.Debug|Any CPU.Build.0 = Debug|Any CPU
		{AE6743F7-DC23-493D-A4CA-DF9F9509EB9F}.Debug|x64.ActiveCfg = Debug|Any CPU
		{AE6743F7-DC23-493D-A4CA-DF9F9509EB9F}.Debug|x64.Build.0 = Debug|Any CPU
		{AE6743F7-DC23-493D-A4CA-DF9F9509EB9F}.Debug|x86.ActiveCfg = Debug|Any CPU
		{AE6743F7-DC23-493D-A4CA-DF9F9509EB9F}.Debug|x86.Build.0 = Debug|Any CPU
		{AE6743F7-DC23-493D-A4CA-DF9F9509EB9F}.Release|Any CPU.ActiveCfg = Release|Any CPU
		{AE6743F7-DC23-493D-A4CA-DF9F9509EB9F}.Release|Any CPU.Build.0 = Release|Any CPU
		{AE6743F7-DC23-493D-A4CA-DF9F9509EB9F}.Release|x64.ActiveCfg = Release|Any CPU
		{AE6743F7-DC23-493D-A4CA-DF9F9509EB9F}.Release|x64.Build.0 = Release|Any CPU
		{AE6743F7-DC23-493D-A4CA-DF9F9509EB9F}.Release|x86.ActiveCfg = Release|Any CPU
		{AE6743F7-DC23-493D-A4CA-DF9F9509EB9F}.Release|x86.Build.0 = Release|Any CPU
	EndGlobalSection
	GlobalSection(SolutionProperties) = preSolution
		HideSolutionNode = FALSE
	EndGlobalSection
EndGlobal
